
Microsoft Visual Studio Solution File, Format Version 12.00
# Visual Studio 2012
Project("{2150E333-8FDC-42A3-9474-1A3956D46DE8}") = ".nuget", ".nuget", "{CD86A02D-EAE2-4DC1-8F9A-C9D0BC02BDE0}"
	ProjectSection(SolutionItems) = preProject
		.nuget\NuGet.Config = .nuget\NuGet.Config
		.nuget\NuGet.exe = .nuget\NuGet.exe
		.nuget\NuGet.targets = .nuget\NuGet.targets
	EndProjectSection
EndProject
Project("{FAE04EC0-301F-11D3-BF4B-00C04F79EFBC}") = "Gate.Adapters.AspNetMvc", "Main\Gate.Adapters.AspNetMvc.csproj", "{50AE7229-8955-44DD-81E2-CCD4EB0BDB15}"
EndProject
Project("{FAE04EC0-301F-11D3-BF4B-00C04F79EFBC}") = "Gate.Adapters.AspNetMvc.IntegrationTests.WebSite", "IntegrationTests.WebSite\Gate.Adapters.AspNetMvc.IntegrationTests.WebSite.csproj", "{92B282E8-A2BC-499F-912C-DB8A89B8B469}"
EndProject
Project("{FAE04EC0-301F-11D3-BF4B-00C04F79EFBC}") = "Gate.Adapters.AspNetMvc.IntegrationTests", "IntegrationTests\Gate.Adapters.AspNetMvc.IntegrationTests.csproj", "{BDAF9111-8EF6-448B-8690-19E99A94D3C4}"
EndProject
Global
	GlobalSection(SolutionConfigurationPlatforms) = preSolution
		Debug|Any CPU = Debug|Any CPU
		Release|Any CPU = Release|Any CPU
	EndGlobalSection
	GlobalSection(ProjectConfigurationPlatforms) = postSolution
		{50AE7229-8955-44DD-81E2-CCD4EB0BDB15}.Debug|Any CPU.ActiveCfg = Debug|Any CPU
		{50AE7229-8955-44DD-81E2-CCD4EB0BDB15}.Debug|Any CPU.Build.0 = Debug|Any CPU
		{50AE7229-8955-44DD-81E2-CCD4EB0BDB15}.Release|Any CPU.ActiveCfg = Release|Any CPU
		{50AE7229-8955-44DD-81E2-CCD4EB0BDB15}.Release|Any CPU.Build.0 = Release|Any CPU
		{92B282E8-A2BC-499F-912C-DB8A89B8B469}.Debug|Any CPU.ActiveCfg = Debug|Any CPU
		{92B282E8-A2BC-499F-912C-DB8A89B8B469}.Debug|Any CPU.Build.0 = Debug|Any CPU
		{92B282E8-A2BC-499F-912C-DB8A89B8B469}.Release|Any CPU.ActiveCfg = Release|Any CPU
		{92B282E8-A2BC-499F-912C-DB8A89B8B469}.Release|Any CPU.Build.0 = Release|Any CPU
		{BDAF9111-8EF6-448B-8690-19E99A94D3C4}.Debug|Any CPU.ActiveCfg = Debug|Any CPU
		{BDAF9111-8EF6-448B-8690-19E99A94D3C4}.Debug|Any CPU.Build.0 = Debug|Any CPU
		{BDAF9111-8EF6-448B-8690-19E99A94D3C4}.Release|Any CPU.ActiveCfg = Release|Any CPU
		{BDAF9111-8EF6-448B-8690-19E99A94D3C4}.Release|Any CPU.Build.0 = Release|Any CPU
	EndGlobalSection
	GlobalSection(SolutionProperties) = preSolution
		HideSolutionNode = FALSE
	EndGlobalSection
EndGlobal
